
Microsoft Visual Studio Solution File, Format Version 12.00
# Visual Studio Version 16
VisualStudioVersion = 16.0.31205.134
MinimumVisualStudioVersion = 10.0.40219.1
Project("{FAE04EC0-301F-11D3-BF4B-00C04F79EFBC}") = "MultiEX", "MultiEX\MultiEX.csproj", "{412C2C1D-15E4-41A4-A125-33D3FCC9619D}"
EndProject
Global
	GlobalSection(SolutionConfigurationPlatforms) = preSolution
		Debug|Any CPU = Debug|Any CPU
		Release|Any CPU = Release|Any CPU
	EndGlobalSection
	GlobalSection(ProjectConfigurationPlatforms) = postSolution
		{412C2C1D-15E4-41A4-A125-33D3FCC9619D}.Debug|Any CPU.ActiveCfg = Debug|Any CPU
		{412C2C1D-15E4-41A4-A125-33D3FCC9619D}.Debug|Any CPU.Build.0 = Debug|Any CPU
		{412C2C1D-15E4-41A4-A125-33D3FCC9619D}.Release|Any CPU.ActiveCfg = Release|Any CPU
		{412C2C1D-15E4-41A4-A125-33D3FCC9619D}.Release|Any CPU.Build.0 = Release|Any CPU
	EndGlobalSection
	GlobalSection(SolutionProperties) = preSolution
		HideSolutionNode = FALSE
	EndGlobalSection
	GlobalSection(ExtensibilityGlobals) = postSolution
		SolutionGuid = {18187070-2147-42F9-9FD2-D77B2FFDAA9A}
	EndGlobalSection
EndGlobal
